
Microsoft Visual Studio Solution File, Format Version 12.00
# Visual Studio 2012
Project("{FAE04EC0-301F-11D3-BF4B-00C04F79EFBC}") = "FluentBootstrap.Web", "FluentBootstrap.Web\FluentBootstrap.Web.csproj", "{4846A14C-BA9A-4395-8713-2BB90FA686D3}"
EndProject
Project("{FAE04EC0-301F-11D3-BF4B-00C04F79EFBC}") = "FluentBootstrap", "FluentBootstrap\FluentBootstrap.csproj", "{FE49CF3B-6563-447B-B94E-018B334096E4}"
EndProject
Global
	GlobalSection(SolutionConfigurationPlatforms) = preSolution
		Debug|Any CPU = Debug|Any CPU
		Release|Any CPU = Release|Any CPU
	EndGlobalSection
	GlobalSection(ProjectConfigurationPlatforms) = postSolution
		{4846A14C-BA9A-4395-8713-2BB90FA686D3}.Debug|Any CPU.ActiveCfg = Debug|Any CPU
		{4846A14C-BA9A-4395-8713-2BB90FA686D3}.Debug|Any CPU.Build.0 = Debug|Any CPU
		{4846A14C-BA9A-4395-8713-2BB90FA686D3}.Release|Any CPU.ActiveCfg = Release|Any CPU
		{4846A14C-BA9A-4395-8713-2BB90FA686D3}.Release|Any CPU.Build.0 = Release|Any CPU
		{FE49CF3B-6563-447B-B94E-018B334096E4}.Debug|Any CPU.ActiveCfg = Debug|Any CPU
		{FE49CF3B-6563-447B-B94E-018B334096E4}.Debug|Any CPU.Build.0 = Debug|Any CPU
		{FE49CF3B-6563-447B-B94E-018B334096E4}.Release|Any CPU.ActiveCfg = Release|Any CPU
		{FE49CF3B-6563-447B-B94E-018B334096E4}.Release|Any CPU.Build.0 = Release|Any CPU
	EndGlobalSection
	GlobalSection(SolutionProperties) = preSolution
		HideSolutionNode = FALSE
	EndGlobalSection
EndGlobal
