
Microsoft Visual Studio Solution File, Format Version 12.00
# Visual Studio 2013
VisualStudioVersion = 12.0.30723.0
MinimumVisualStudioVersion = 10.0.40219.1
Project("{FAE04EC0-301F-11D3-BF4B-00C04F79EFBC}") = "FluentBootstrap", "FluentBootstrap\FluentBootstrap.csproj", "{FE49CF3B-6563-447B-B94E-018B334096E4}"
EndProject
Project("{FAE04EC0-301F-11D3-BF4B-00C04F79EFBC}") = "FluentBootstrap.Tests.Web", "FluentBootstrap.Tests.Web\FluentBootstrap.Tests.Web.csproj", "{C0830D25-5E8B-48EC-BC3B-AD3B20FA8DCC}"
EndProject
Project("{FAE04EC0-301F-11D3-BF4B-00C04F79EFBC}") = "FluentBootstrap.Tests", "FluentBootstrap.Tests\FluentBootstrap.Tests.csproj", "{9F48127C-FE49-4456-9454-D32A5F332C98}"
EndProject
Project("{FAE04EC0-301F-11D3-BF4B-00C04F79EFBC}") = "FluentBootstrap.Mvc", "FluentBootstrap.Mvc\FluentBootstrap.Mvc.csproj", "{DC78EF6D-B139-447E-989E-562AACB4F52F}"
EndProject
Project("{FAE04EC0-301F-11D3-BF4B-00C04F79EFBC}") = "FluentBootstrap.WebPages", "FluentBootstrap.WebPages\FluentBootstrap.WebPages.csproj", "{65741EA5-B5DA-4CD3-8A87-5873602DA30A}"
EndProject
Global
	GlobalSection(SolutionConfigurationPlatforms) = preSolution
		Debug|Any CPU = Debug|Any CPU
		Release|Any CPU = Release|Any CPU
	EndGlobalSection
	GlobalSection(ProjectConfigurationPlatforms) = postSolution
		{FE49CF3B-6563-447B-B94E-018B334096E4}.Debug|Any CPU.ActiveCfg = Debug|Any CPU
		{FE49CF3B-6563-447B-B94E-018B334096E4}.Debug|Any CPU.Build.0 = Debug|Any CPU
		{FE49CF3B-6563-447B-B94E-018B334096E4}.Release|Any CPU.ActiveCfg = Release|Any CPU
		{FE49CF3B-6563-447B-B94E-018B334096E4}.Release|Any CPU.Build.0 = Release|Any CPU
		{C0830D25-5E8B-48EC-BC3B-AD3B20FA8DCC}.Debug|Any CPU.ActiveCfg = Debug|Any CPU
		{C0830D25-5E8B-48EC-BC3B-AD3B20FA8DCC}.Debug|Any CPU.Build.0 = Debug|Any CPU
		{C0830D25-5E8B-48EC-BC3B-AD3B20FA8DCC}.Release|Any CPU.ActiveCfg = Release|Any CPU
		{C0830D25-5E8B-48EC-BC3B-AD3B20FA8DCC}.Release|Any CPU.Build.0 = Release|Any CPU
		{9F48127C-FE49-4456-9454-D32A5F332C98}.Debug|Any CPU.ActiveCfg = Debug|Any CPU
		{9F48127C-FE49-4456-9454-D32A5F332C98}.Debug|Any CPU.Build.0 = Debug|Any CPU
		{9F48127C-FE49-4456-9454-D32A5F332C98}.Release|Any CPU.ActiveCfg = Release|Any CPU
		{9F48127C-FE49-4456-9454-D32A5F332C98}.Release|Any CPU.Build.0 = Release|Any CPU
		{DC78EF6D-B139-447E-989E-562AACB4F52F}.Debug|Any CPU.ActiveCfg = Debug|Any CPU
		{DC78EF6D-B139-447E-989E-562AACB4F52F}.Debug|Any CPU.Build.0 = Debug|Any CPU
		{DC78EF6D-B139-447E-989E-562AACB4F52F}.Release|Any CPU.ActiveCfg = Release|Any CPU
		{DC78EF6D-B139-447E-989E-562AACB4F52F}.Release|Any CPU.Build.0 = Release|Any CPU
		{65741EA5-B5DA-4CD3-8A87-5873602DA30A}.Debug|Any CPU.ActiveCfg = Debug|Any CPU
		{65741EA5-B5DA-4CD3-8A87-5873602DA30A}.Debug|Any CPU.Build.0 = Debug|Any CPU
		{65741EA5-B5DA-4CD3-8A87-5873602DA30A}.Release|Any CPU.ActiveCfg = Release|Any CPU
		{65741EA5-B5DA-4CD3-8A87-5873602DA30A}.Release|Any CPU.Build.0 = Release|Any CPU
	EndGlobalSection
	GlobalSection(SolutionProperties) = preSolution
		HideSolutionNode = FALSE
	EndGlobalSection
EndGlobal
